Microsoft Visual Studio Solution File, Format Version 12.00
# Visual Studio 2012
Project("{FAE04EC0-301F-11D3-BF4B-00C04F79EFBC}") = "perf-tests", "perf-tests.csproj", "{FA23EFB2-76C6-4BEF-B432-C4126D281A00}"
EndProject
Global
	GlobalSection(SolutionConfigurationPlatforms) = preSolution
	Debug|Any CPU = Debug|Any CPU
	ExportDebug|Any CPU = ExportDebug|Any CPU
	ExportRelease|Any CPU = ExportRelease|Any CPU
	EndGlobalSection
	GlobalSection(ProjectConfigurationPlatforms) = postSolution
		{FA23EFB2-76C6-4BEF-B432-C4126D281A00}.Debug|Any CPU.ActiveCfg = Debug|Any CPU
		{FA23EFB2-76C6-4BEF-B432-C4126D281A00}.Debug|Any CPU.Build.0 = Debug|Any CPU
		{FA23EFB2-76C6-4BEF-B432-C4126D281A00}.ExportDebug|Any CPU.ActiveCfg = ExportDebug|Any CPU
		{FA23EFB2-76C6-4BEF-B432-C4126D281A00}.ExportDebug|Any CPU.Build.0 = ExportDebug|Any CPU
		{FA23EFB2-76C6-4BEF-B432-C4126D281A00}.ExportRelease|Any CPU.ActiveCfg = ExportRelease|Any CPU
		{FA23EFB2-76C6-4BEF-B432-C4126D281A00}.ExportRelease|Any CPU.Build.0 = ExportRelease|Any CPU
	EndGlobalSection
EndGlobal
